# This file is automatically @generated by Wally.
# It is not intended for manual editing.
registry = "test"

[[package]]
name = "chriscerie/roact-spring"
version = "1.1.6"
dependencies = [["Promise", "evaera/promise@4.0.0"], ["React", "roblox/roact@1.4.4"], ["TestEZ", "roblox/testez@0.4.1"]]

[[package]]
name = "chriscerie/roact-spring"
version = "2.0.0"
dependencies = [["Promise", "evaera/promise@4.0.0"], ["React", "roblox/roact@1.4.4"], ["TestEZ", "roblox/testez@0.4.1"]]

[[package]]
name = "evaera/promise"
version = "4.0.0"
dependencies = []

[[package]]
name = "kampfkarren/roact-hooks"
version = "0.3.0"
dependencies = []

[[package]]
name = "release/actions-module"
version = "1.0.3"
dependencies = [["core", "release/core-module@1.1.0"], ["knit", "sleitnick/knit@1.7.0"]]

[[package]]
name = "release/core-module"
version = "1.1.0"
dependencies = []

[[package]]
name = "release/fight-module"
version = "1.0.0"
dependencies = [["core", "release/core-module@1.1.0"], ["knit", "sleitnick/knit@1.7.0"], ["signal", "sleitnick/signal@2.0.1"]]

[[package]]
name = "release/funnels-module"
version = "1.2.0"
dependencies = [["core", "release/core-module@1.1.0"], ["knit", "sleitnick/knit@1.7.0"], ["signal", "sleitnick/signal@2.0.1"]]

[[package]]
name = "release/goldmachine-module"
version = "1.0.1"
dependencies = [["core", "release/core-module@1.1.0"], ["knit", "sleitnick/knit@1.7.0"], ["pets-module", "release/pets-module@1.5.5"], ["signal", "sleitnick/signal@2.0.1"]]

[[package]]
name = "release/pets-module"
version = "1.5.5"
dependencies = [["core", "release/core-module@1.1.0"], ["knit", "sleitnick/knit@1.7.0"], ["signal", "sleitnick/signal@2.0.1"]]

[[package]]
name = "release/preloader-module"
version = "1.0.5"
dependencies = [["core", "release/core-module@1.1.0"], ["knit", "sleitnick/knit@1.7.0"], ["signal", "sleitnick/signal@2.0.1"]]

[[package]]
name = "release/quests-module"
version = "1.1.5"
dependencies = [["core", "release/core-module@1.1.0"], ["knit", "sleitnick/knit@1.7.0"], ["signal", "sleitnick/signal@2.0.1"]]

[[package]]
name = "release/sound-module"
version = "0.0.11"
dependencies = [["knit", "sleitnick/knit@1.7.0"], ["signal", "sleitnick/signal@2.0.1"]]

[[package]]
name = "release/ui-module"
version = "3.1.1"
dependencies = [["core", "release/core-module@1.1.0"], ["knit", "sleitnick/knit@1.7.0"], ["roact", "roblox/roact@1.4.4"], ["roact-hooks", "kampfkarren/roact-hooks@0.3.0"], ["roact-rodux", "roblox/roact-rodux@0.3.0"], ["roact-spring", "chriscerie/roact-spring@2.0.0"], ["rodux", "roblox/rodux@3.0.0"], ["rodux-hooks", "solarhorizon/rodux-hooks@0.3.1"]]

[[package]]
name = "release/vfx-module"
version = "0.0.11"
dependencies = [["Streamable", "sleitnick/streamable@1.2.4"], ["core", "release/core-module@1.1.0"], ["knit", "sleitnick/knit@1.7.0"], ["signal", "sleitnick/signal@2.0.1"]]

[[package]]
name = "rivrs/new-eggs-module"
version = "0.0.5"
dependencies = []

[[package]]
name = "rivrs/new-group-rewards-module"
version = "0.0.13"
dependencies = [["Signal", "sleitnick/signal@2.0.1"]]

[[package]]
name = "roblox/roact"
version = "1.4.4"
dependencies = []

[[package]]
name = "roblox/roact-rodux"
version = "0.3.0"
dependencies = [["Roact", "roblox/roact@1.4.4"], ["Rodux", "roblox/rodux@3.0.0"]]

[[package]]
name = "roblox/rodux"
version = "3.0.0"
dependencies = []

[[package]]
name = "roblox/testez"
version = "0.4.1"
dependencies = []

[[package]]
name = "sleitnick/comm"
version = "1.0.1"
dependencies = [["Option", "sleitnick/option@1.0.5"], ["Promise", "evaera/promise@4.0.0"], ["Signal", "sleitnick/signal@2.0.1"]]

[[package]]
name = "sleitnick/input"
version = "2.3.0"
dependencies = [["Signal", "sleitnick/signal@2.0.1"], ["Trove", "sleitnick/trove@1.4.0"]]

[[package]]
name = "sleitnick/knit"
version = "1.7.0"
dependencies = [["Comm", "sleitnick/comm@1.0.1"], ["Promise", "evaera/promise@4.0.0"]]

[[package]]
name = "sleitnick/option"
version = "1.0.5"
dependencies = []

[[package]]
name = "sleitnick/shake"
version = "1.1.0"
dependencies = []

[[package]]
name = "sleitnick/signal"
version = "1.5.0"
dependencies = []

[[package]]
name = "sleitnick/signal"
version = "2.0.1"
dependencies = []

[[package]]
name = "sleitnick/streamable"
version = "1.2.4"
dependencies = [["Signal", "sleitnick/signal@1.5.0"], ["Trove", "sleitnick/trove@0.4.2"]]

[[package]]
name = "sleitnick/timer"
version = "1.1.2"
dependencies = [["Signal", "sleitnick/signal@1.5.0"]]

[[package]]
name = "sleitnick/trove"
version = "0.4.2"
dependencies = []

[[package]]
name = "sleitnick/trove"
version = "1.4.0"
dependencies = []

[[package]]
name = "solarhorizon/rodux-hooks"
version = "0.3.1"
dependencies = [["Roact", "roblox/roact@1.4.4"]]

[[package]]
name = "yoannrompion/basegame"
version = "0.1.0"
dependencies = [["Hooks", "kampfkarren/roact-hooks@0.3.0"], ["Input", "sleitnick/input@2.3.0"], ["Knit", "sleitnick/knit@1.7.0"], ["Preloader", "release/preloader-module@1.0.5"], ["Quest", "release/quests-module@1.1.5"], ["Roact", "roblox/roact@1.4.4"], ["RoactRodux", "roblox/roact-rodux@0.3.0"], ["RoactSpring", "chriscerie/roact-spring@1.1.6"], ["Rodux", "roblox/rodux@3.0.0"], ["Roduxhooks", "solarhorizon/rodux-hooks@0.3.1"], ["Shake", "sleitnick/shake@1.1.0"], ["Signal", "sleitnick/signal@2.0.1"], ["Sound", "release/sound-module@0.0.11"], ["Timer", "sleitnick/timer@1.1.2"], ["Trove", "sleitnick/trove@1.4.0"], ["VFX", "release/vfx-module@0.0.11"], ["actionModule", "release/actions-module@1.0.3"], ["fightModule", "release/fight-module@1.0.0"], ["funnelsModule", "release/funnels-module@1.2.0"], ["goldMachineModule", "release/goldmachine-module@1.0.1"], ["petsModule", "release/pets-module@1.5.5"], ["rivrs-eggs-module", "rivrs/new-eggs-module@0.0.5"], ["rivrs-group-rewards-module", "rivrs/new-group-rewards-module@0.0.13"], ["uiModule", "release/ui-module@3.1.1"]]
